
Microsoft Visual Studio Solution File, Format Version 12.00
# Visual Studio Version 16
VisualStudioVersion = 16.0.29519.87
MinimumVisualStudioVersion = 10.0.40219.1
Project("{FAE04EC0-301F-11D3-BF4B-00C04F79EFBC}") = "Client", "Client\Client.csproj", "{86082666-249E-4DCA-968C-B9693DBFDD74}"
EndProject
Project("{FAE04EC0-301F-11D3-BF4B-00C04F79EFBC}") = "Server", "Server\Server.csproj", "{76A17EC7-594F-4321-BE21-47F8376AFAB5}"
EndProject
Global
	GlobalSection(SolutionConfigurationPlatforms) = preSolution
		Debug|Any CPU = Debug|Any CPU
		Release|Any CPU = Release|Any CPU
	EndGlobalSection
	GlobalSection(ProjectConfigurationPlatforms) = postSolution
		{86082666-249E-4DCA-968C-B9693DBFDD74}.Debug|Any CPU.ActiveCfg = Debug|Any CPU
		{86082666-249E-4DCA-968C-B9693DBFDD74}.Debug|Any CPU.Build.0 = Debug|Any CPU
		{86082666-249E-4DCA-968C-B9693DBFDD74}.Release|Any CPU.ActiveCfg = Release|Any CPU
		{86082666-249E-4DCA-968C-B9693DBFDD74}.Release|Any CPU.Build.0 = Release|Any CPU
		{76A17EC7-594F-4321-BE21-47F8376AFAB5}.Debug|Any CPU.ActiveCfg = Debug|Any CPU
		{76A17EC7-594F-4321-BE21-47F8376AFAB5}.Debug|Any CPU.Build.0 = Debug|Any CPU
		{76A17EC7-594F-4321-BE21-47F8376AFAB5}.Release|Any CPU.ActiveCfg = Release|Any CPU
		{76A17EC7-594F-4321-BE21-47F8376AFAB5}.Release|Any CPU.Build.0 = Release|Any CPU
	EndGlobalSection
	GlobalSection(SolutionProperties) = preSolution
		HideSolutionNode = FALSE
	EndGlobalSection
	GlobalSection(ExtensibilityGlobals) = postSolution
		SolutionGuid = {B9D1ABCD-6E39-43EF-9F16-6E75B0A5B505}
	EndGlobalSection
EndGlobal
